
Microsoft Visual Studio Solution File, Format Version 12.00
# Visual Studio Version 16
VisualStudioVersion = 16.0.29424.173
MinimumVisualStudioVersion = 10.0.40219.1
Project("{FAE04EC0-301F-11D3-BF4B-00C04F79EFBC}") = "IntroToDotNet.Syntax", "IntroToDotNet.Syntax\IntroToDotNet.Syntax.csproj", "{8601F38C-65BE-4AC9-A88F-2C24D6FDC9C6}"
EndProject
Project("{9A19103F-16F7-4668-BE54-9A1E7A4F7556}") = "IntroToDotNet.Syntax.vNext", "IntroToDotNet.Syntax.vNext\IntroToDotNet.Syntax.vNext.csproj", "{FB313E21-60DE-44DF-8666-40C4C430A7BE}"
EndProject
Project("{FAE04EC0-301F-11D3-BF4B-00C04F79EFBC}") = "IntroToDotNet.RockPaperScissors", "IntroToDotNet.RockPaperScissors\IntroToDotNet.RockPaperScissors.csproj", "{D0F20CD3-82BC-45DD-AB06-34DBA514B134}"
EndProject
Global
	GlobalSection(SolutionConfigurationPlatforms) = preSolution
		Debug|Any CPU = Debug|Any CPU
		Release|Any CPU = Release|Any CPU
	EndGlobalSection
	GlobalSection(ProjectConfigurationPlatforms) = postSolution
		{8601F38C-65BE-4AC9-A88F-2C24D6FDC9C6}.Debug|Any CPU.ActiveCfg = Debug|Any CPU
		{8601F38C-65BE-4AC9-A88F-2C24D6FDC9C6}.Debug|Any CPU.Build.0 = Debug|Any CPU
		{8601F38C-65BE-4AC9-A88F-2C24D6FDC9C6}.Release|Any CPU.ActiveCfg = Release|Any CPU
		{8601F38C-65BE-4AC9-A88F-2C24D6FDC9C6}.Release|Any CPU.Build.0 = Release|Any CPU
		{FB313E21-60DE-44DF-8666-40C4C430A7BE}.Debug|Any CPU.ActiveCfg = Debug|Any CPU
		{FB313E21-60DE-44DF-8666-40C4C430A7BE}.Debug|Any CPU.Build.0 = Debug|Any CPU
		{FB313E21-60DE-44DF-8666-40C4C430A7BE}.Release|Any CPU.ActiveCfg = Release|Any CPU
		{FB313E21-60DE-44DF-8666-40C4C430A7BE}.Release|Any CPU.Build.0 = Release|Any CPU
		{D0F20CD3-82BC-45DD-AB06-34DBA514B134}.Debug|Any CPU.ActiveCfg = Debug|Any CPU
		{D0F20CD3-82BC-45DD-AB06-34DBA514B134}.Debug|Any CPU.Build.0 = Debug|Any CPU
		{D0F20CD3-82BC-45DD-AB06-34DBA514B134}.Release|Any CPU.ActiveCfg = Release|Any CPU
		{D0F20CD3-82BC-45DD-AB06-34DBA514B134}.Release|Any CPU.Build.0 = Release|Any CPU
	EndGlobalSection
	GlobalSection(SolutionProperties) = preSolution
		HideSolutionNode = FALSE
	EndGlobalSection
	GlobalSection(ExtensibilityGlobals) = postSolution
		SolutionGuid = {78E0D00B-96F2-48C4-A21A-19C5A0132BF7}
	EndGlobalSection
EndGlobal
